
Microsoft Visual Studio Solution File, Format Version 12.00
Project("{F2A71F9B-5D33-465A-A702-920D77279786}") = "Advent of code 2024", "Advent of code 2024\Advent of code 2024.fsproj", "{540C7DAA-C9F0-40E9-AF9A-6A00B8A22CE5}"
EndProject
Global
	GlobalSection(SolutionConfigurationPlatforms) = preSolution
		Debug|Any CPU = Debug|Any CPU
		Release|Any CPU = Release|Any CPU
	EndGlobalSection
	GlobalSection(ProjectConfigurationPlatforms) = postSolution
		{540C7DAA-C9F0-40E9-AF9A-6A00B8A22CE5}.Debug|Any CPU.ActiveCfg = Debug|Any CPU
		{540C7DAA-C9F0-40E9-AF9A-6A00B8A22CE5}.Debug|Any CPU.Build.0 = Debug|Any CPU
		{540C7DAA-C9F0-40E9-AF9A-6A00B8A22CE5}.Release|Any CPU.ActiveCfg = Release|Any CPU
		{540C7DAA-C9F0-40E9-AF9A-6A00B8A22CE5}.Release|Any CPU.Build.0 = Release|Any CPU
	EndGlobalSection
EndGlobal
